
Microsoft Visual Studio Solution File, Format Version 12.00
# Visual Studio Version 17
VisualStudioVersion = 17.4.33122.133
MinimumVisualStudioVersion = 10.0.40219.1
Project("{9A19103F-16F7-4668-BE54-9A1E7A4F7556}") = "CinemaAPI", "CinemaAPI\CinemaAPI.csproj", "{7C39B302-A43A-4D73-B095-AC8A6508303D}"
EndProject
Project("{FAE04EC0-301F-11D3-BF4B-00C04F79EFBC}") = "CinemaTests", "CinemaTests\CinemaTests.csproj", "{F033FC6C-925D-4227-B845-2D80998AC866}"
EndProject
Global
	GlobalSection(SolutionConfigurationPlatforms) = preSolution
		Debug|Any CPU = Debug|Any CPU
		Release|Any CPU = Release|Any CPU
	EndGlobalSection
	GlobalSection(ProjectConfigurationPlatforms) = postSolution
		{7C39B302-A43A-4D73-B095-AC8A6508303D}.Debug|Any CPU.ActiveCfg = Debug|Any CPU
		{7C39B302-A43A-4D73-B095-AC8A6508303D}.Debug|Any CPU.Build.0 = Debug|Any CPU
		{7C39B302-A43A-4D73-B095-AC8A6508303D}.Release|Any CPU.ActiveCfg = Release|Any CPU
		{7C39B302-A43A-4D73-B095-AC8A6508303D}.Release|Any CPU.Build.0 = Release|Any CPU
		{F033FC6C-925D-4227-B845-2D80998AC866}.Debug|Any CPU.ActiveCfg = Debug|Any CPU
		{F033FC6C-925D-4227-B845-2D80998AC866}.Debug|Any CPU.Build.0 = Debug|Any CPU
		{F033FC6C-925D-4227-B845-2D80998AC866}.Release|Any CPU.ActiveCfg = Release|Any CPU
		{F033FC6C-925D-4227-B845-2D80998AC866}.Release|Any CPU.Build.0 = Release|Any CPU
	EndGlobalSection
	GlobalSection(SolutionProperties) = preSolution
		HideSolutionNode = FALSE
	EndGlobalSection
	GlobalSection(ExtensibilityGlobals) = postSolution
		SolutionGuid = {5EF2ACE3-2BA2-4DD9-8DA2-E0A01D7B8BD5}
	EndGlobalSection
EndGlobal
