
Microsoft Visual Studio Solution File, Format Version 12.00
# Visual Studio Version 17
VisualStudioVersion = 17.4.33122.133
MinimumVisualStudioVersion = 10.0.40219.1
Project("{FAE04EC0-301F-11D3-BF4B-00C04F79EFBC}") = "Homework_12_Filatov_Vladyslav_Serhiyovych", "Homework_12_Filatov_Vladyslav_Serhiyovych\Homework_12_Filatov_Vladyslav_Serhiyovych.csproj", "{E837C10B-CDCA-4A23-98DD-149F12B64A87}"
EndProject
Global
	GlobalSection(SolutionConfigurationPlatforms) = preSolution
		Debug|Any CPU = Debug|Any CPU
		Release|Any CPU = Release|Any CPU
	EndGlobalSection
	GlobalSection(ProjectConfigurationPlatforms) = postSolution
		{E837C10B-CDCA-4A23-98DD-149F12B64A87}.Debug|Any CPU.ActiveCfg = Debug|Any CPU
		{E837C10B-CDCA-4A23-98DD-149F12B64A87}.Debug|Any CPU.Build.0 = Debug|Any CPU
		{E837C10B-CDCA-4A23-98DD-149F12B64A87}.Release|Any CPU.ActiveCfg = Release|Any CPU
		{E837C10B-CDCA-4A23-98DD-149F12B64A87}.Release|Any CPU.Build.0 = Release|Any CPU
	EndGlobalSection
	GlobalSection(SolutionProperties) = preSolution
		HideSolutionNode = FALSE
	EndGlobalSection
	GlobalSection(ExtensibilityGlobals) = postSolution
		SolutionGuid = {289CB8DA-0621-49F3-B460-9CF562265844}
	EndGlobalSection
EndGlobal
